// !$*UTF8*$!
{
	archiveVersion = 1;
	classes = {
	};
	objectVersion = 50;
	objects = {

/* Begin PBXBuildFile section */
		846C7088276EED280038C739 /* Example.json in Resources */ = {isa = PBXBuildFile; fileRef = 846C7087276EED270038C739 /* Example.json */; };
		847B3662274902D700729F58 /* AppDelegate.swift in Sources */ = {isa = PBXBuildFile; fileRef = 847B3661274902D700729F58 /* AppDelegate.swift */; };
		847B3664274902D700729F58 /* SceneDelegate.swift in Sources */ = {isa = PBXBuildFile; fileRef = 847B3663274902D700729F58 /* SceneDelegate.swift */; };
		847B3666274902D700729F58 /* ListViewController.swift in Sources */ = {isa = PBXBuildFile; fileRef = 847B3665274902D700729F58 /* ListViewController.swift */; };
		847B3669274902D700729F58 /* Main.storyboard in Resources */ = {isa = PBXBuildFile; fileRef = 847B3667274902D700729F58 /* Main.storyboard */; };
		847B366B274902D800729F58 /* Assets.xcassets in Resources */ = {isa = PBXBuildFile; fileRef = 847B366A274902D800729F58 /* Assets.xcassets */; };
		847B366E274902D800729F58 /* LaunchScreen.storyboard in Resources */ = {isa = PBXBuildFile; fileRef = 847B366C274902D800729F58 /* LaunchScreen.storyboard */; };
		847B3676274A09BA00729F58 /* ViewControllerViewModel.swift in Sources */ = {isa = PBXBuildFile; fileRef = 847B3675274A09BA00729F58 /* ViewControllerViewModel.swift */; };
		847B3678274A09DD00729F58 /* DataManager.swift in Sources */ = {isa = PBXBuildFile; fileRef = 847B3677274A09DD00729F58 /* DataManager.swift */; };
		847B367A274A09F100729F58 /* RemoteDataSource.swift in Sources */ = {isa = PBXBuildFile; fileRef = 847B3679274A09F100729F58 /* RemoteDataSource.swift */; };
		847B367C274A0A0000729F58 /* DependencyFactory.swift in Sources */ = {isa = PBXBuildFile; fileRef = 847B367B274A0A0000729F58 /* DependencyFactory.swift */; };
		847B36F1275C67EA00729F58 /* DetailAnimalsVo.swift in Sources */ = {isa = PBXBuildFile; fileRef = 847B36F0275C67E900729F58 /* DetailAnimalsVo.swift */; };
		847B36F4275C68EA00729F58 /* GenerelAnimalsVo.swift in Sources */ = {isa = PBXBuildFile; fileRef = 847B36F3275C68EA00729F58 /* GenerelAnimalsVo.swift */; };
		847B36F7275C7A9F00729F58 /* Converter.swift in Sources */ = {isa = PBXBuildFile; fileRef = 847B36F6275C7A9F00729F58 /* Converter.swift */; };
		847B36F9275DE23E00729F58 /* DetailViewController.swift in Sources */ = {isa = PBXBuildFile; fileRef = 847B36F8275DE23E00729F58 /* DetailViewController.swift */; };
		847B36FB275DE28500729F58 /* ListViewControllerCell.swift in Sources */ = {isa = PBXBuildFile; fileRef = 847B36FA275DE28500729F58 /* ListViewControllerCell.swift */; };
		847B370E2761BD0500729F58 /* DetailViewControllerCell.swift in Sources */ = {isa = PBXBuildFile; fileRef = 847B370D2761BD0500729F58 /* DetailViewControllerCell.swift */; };
/* End PBXBuildFile section */

/* Begin PBXFileReference section */
		846C7087276EED270038C739 /* Example.json */ = {isa = PBXFileReference; fileEncoding = 4; lastKnownFileType = text.json; path = Example.json; sourceTree = "<group>"; };
		847B365E274902D700729F58 /* DependencyInjectionForBeginner.app */ = {isa = PBXFileReference; explicitFileType = wrapper.application; includeInIndex = 0; path = DependencyInjectionForBeginner.app; sourceTree = BUILT_PRODUCTS_DIR; };
		847B3661274902D700729F58 /* AppDelegate.swift */ = {isa = PBXFileReference; lastKnownFileType = sourcecode.swift; path = AppDelegate.swift; sourceTree = "<group>"; };
		847B3663274902D700729F58 /* SceneDelegate.swift */ = {isa = PBXFileReference; lastKnownFileType = sourcecode.swift; path = SceneDelegate.swift; sourceTree = "<group>"; };
		847B3665274902D700729F58 /* ListViewController.swift */ = {isa = PBXFileReference; lastKnownFileType = sourcecode.swift; path = ListViewController.swift; sourceTree = "<group>"; };
		847B3668274902D700729F58 /* Base */ = {isa = PBXFileReference; lastKnownFileType = file.storyboard; name = Base; path = Base.lproj/Main.storyboard; sourceTree = "<group>"; };
		847B366A274902D800729F58 /* Assets.xcassets */ = {isa = PBXFileReference; lastKnownFileType = folder.assetcatalog; path = Assets.xcassets; sourceTree = "<group>"; };
		847B366D274902D800729F58 /* Base */ = {isa = PBXFileReference; lastKnownFileType = file.storyboard; name = Base; path = Base.lproj/LaunchScreen.storyboard; sourceTree = "<group>"; };
		847B366F274902D800729F58 /* Info.plist */ = {isa = PBXFileReference; lastKnownFileType = text.plist.xml; path = Info.plist; sourceTree = "<group>"; };
		847B3675274A09BA00729F58 /* ViewControllerViewModel.swift */ = {isa = PBXFileReference; lastKnownFileType = sourcecode.swift; path = ViewControllerViewModel.swift; sourceTree = "<group>"; };
		847B3677274A09DD00729F58 /* DataManager.swift */ = {isa = PBXFileReference; lastKnownFileType = sourcecode.swift; path = DataManager.swift; sourceTree = "<group>"; };
		847B3679274A09F100729F58 /* RemoteDataSource.swift */ = {isa = PBXFileReference; lastKnownFileType = sourcecode.swift; path = RemoteDataSource.swift; sourceTree = "<group>"; };
		847B367B274A0A0000729F58 /* DependencyFactory.swift */ = {isa = PBXFileReference; lastKnownFileType = sourcecode.swift; path = DependencyFactory.swift; sourceTree = "<group>"; };
		847B36F0275C67E900729F58 /* DetailAnimalsVo.swift */ = {isa = PBXFileReference; lastKnownFileType = sourcecode.swift; path = DetailAnimalsVo.swift; sourceTree = "<group>"; };
		847B36F3275C68EA00729F58 /* GenerelAnimalsVo.swift */ = {isa = PBXFileReference; lastKnownFileType = sourcecode.swift; path = GenerelAnimalsVo.swift; sourceTree = "<group>"; };
		847B36F6275C7A9F00729F58 /* Converter.swift */ = {isa = PBXFileReference; lastKnownFileType = sourcecode.swift; path = Converter.swift; sourceTree = "<group>"; };
		847B36F8275DE23E00729F58 /* DetailViewController.swift */ = {isa = PBXFileReference; lastKnownFileType = sourcecode.swift; path = DetailViewController.swift; sourceTree = "<group>"; };
		847B36FA275DE28500729F58 /* ListViewControllerCell.swift */ = {isa = PBXFileReference; lastKnownFileType = sourcecode.swift; path = ListViewControllerCell.swift; sourceTree = "<group>"; };
		847B370D2761BD0500729F58 /* DetailViewControllerCell.swift */ = {isa = PBXFileReference; lastKnownFileType = sourcecode.swift; path = DetailViewControllerCell.swift; sourceTree = "<group>"; };
/* End PBXFileReference section */

/* Begin PBXFrameworksBuildPhase section */
		847B365B274902D700729F58 /* Frameworks */ = {
			isa = PBXFrameworksBuildPhase;
			buildActionMask = 2147483647;
			files = (
			);
			runOnlyForDeploymentPostprocessing = 0;
		};
/* End PBXFrameworksBuildPhase section */

/* Begin PBXGroup section */
		847B3655274902D700729F58 = {
			isa = PBXGroup;
			children = (
				847B3660274902D700729F58 /* DependencyInjectionForBeginner */,
				847B365F274902D700729F58 /* Products */,
			);
			sourceTree = "<group>";
		};
		847B365F274902D700729F58 /* Products */ = {
			isa = PBXGroup;
			children = (
				847B365E274902D700729F58 /* DependencyInjectionForBeginner.app */,
			);
			name = Products;
			sourceTree = "<group>";
		};
		847B3660274902D700729F58 /* DependencyInjectionForBeginner */ = {
			isa = PBXGroup;
			children = (
				847B3682274A0AB800729F58 /* Application */,
				847B3684274A0BDA00729F58 /* Presentation */,
				847B3685274A0C5D00729F58 /* Data */,
				847B3686274A0C9B00729F58 /* DI */,
				847B3683274A0AEC00729F58 /* Resources */,
			);
			path = DependencyInjectionForBeginner;
			sourceTree = "<group>";
		};
		847B3682274A0AB800729F58 /* Application */ = {
			isa = PBXGroup;
			children = (
				847B3661274902D700729F58 /* AppDelegate.swift */,
				847B3663274902D700729F58 /* SceneDelegate.swift */,
			);
			path = Application;
			sourceTree = "<group>";
		};
		847B3683274A0AEC00729F58 /* Resources */ = {
			isa = PBXGroup;
			children = (
				847B366A274902D800729F58 /* Assets.xcassets */,
				847B366C274902D800729F58 /* LaunchScreen.storyboard */,
				847B366F274902D800729F58 /* Info.plist */,
			);
			path = Resources;
			sourceTree = "<group>";
		};
		847B3684274A0BDA00729F58 /* Presentation */ = {
			isa = PBXGroup;
			children = (
				847B3665274902D700729F58 /* ListViewController.swift */,
				847B36FA275DE28500729F58 /* ListViewControllerCell.swift */,
				847B36F8275DE23E00729F58 /* DetailViewController.swift */,
				847B370D2761BD0500729F58 /* DetailViewControllerCell.swift */,
				847B3667274902D700729F58 /* Main.storyboard */,
				847B3675274A09BA00729F58 /* ViewControllerViewModel.swift */,
			);
			path = Presentation;
			sourceTree = "<group>";
		};
		847B3685274A0C5D00729F58 /* Data */ = {
			isa = PBXGroup;
			children = (
				846C7087276EED270038C739 /* Example.json */,
				847B3677274A09DD00729F58 /* DataManager.swift */,
				847B3679274A09F100729F58 /* RemoteDataSource.swift */,
				847B36F5275C7A8500729F58 /* Converter */,
				847B36F2275C67F700729F58 /* Vo */,
			);
			path = Data;
			sourceTree = "<group>";
		};
		847B3686274A0C9B00729F58 /* DI */ = {
			isa = PBXGroup;
			children = (
				847B367B274A0A0000729F58 /* DependencyFactory.swift */,
			);
			path = DI;
			sourceTree = "<group>";
		};
		847B36F2275C67F700729F58 /* Vo */ = {
			isa = PBXGroup;
			children = (
				847B36F0275C67E900729F58 /* DetailAnimalsVo.swift */,
				847B36F3275C68EA00729F58 /* GenerelAnimalsVo.swift */,
			);
			path = Vo;
			sourceTree = "<group>";
		};
		847B36F5275C7A8500729F58 /* Converter */ = {
			isa = PBXGroup;
			children = (
				847B36F6275C7A9F00729F58 /* Converter.swift */,
			);
			path = Converter;
			sourceTree = "<group>";
		};
/* End PBXGroup section */

/* Begin PBXNativeTarget section */
		847B365D274902D700729F58 /* DependencyInjectionForBeginner */ = {
			isa = PBXNativeTarget;
			buildConfigurationList = 847B3672274902D800729F58 /* Build configuration list for PBXNativeTarget "DependencyInjectionForBeginner" */;
			buildPhases = (
				847B365A274902D700729F58 /* Sources */,
				847B365B274902D700729F58 /* Frameworks */,
				847B365C274902D700729F58 /* Resources */,
			);
			buildRules = (
			);
			dependencies = (
			);
			name = DependencyInjectionForBeginner;
			productName = DependencyInjectionForBeginner;
			productReference = 847B365E274902D700729F58 /* DependencyInjectionForBeginner.app */;
			productType = "com.apple.product-type.application";
		};
/* End PBXNativeTarget section */

/* Begin PBXProject section */
		847B3656274902D700729F58 /* Project object */ = {
			isa = PBXProject;
			attributes = {
				LastSwiftUpdateCheck = 1250;
				LastUpgradeCheck = 1250;
				TargetAttributes = {
					847B365D274902D700729F58 = {
						CreatedOnToolsVersion = 12.5.1;
					};
				};
			};
			buildConfigurationList = 847B3659274902D700729F58 /* Build configuration list for PBXProject "DependencyInjectionForBeginner" */;
			compatibilityVersion = "Xcode 9.3";
			developmentRegion = en;
			hasScannedForEncodings = 0;
			knownRegions = (
				en,
				Base,
			);
			mainGroup = 847B3655274902D700729F58;
			productRefGroup = 847B365F274902D700729F58 /* Products */;
			projectDirPath = "";
			projectRoot = "";
			targets = (
				847B365D274902D700729F58 /* DependencyInjectionForBeginner */,
			);
		};
/* End PBXProject section */

/* Begin PBXResourcesBuildPhase section */
		847B365C274902D700729F58 /* Resources */ = {
			isa = PBXResourcesBuildPhase;
			buildActionMask = 2147483647;
			files = (
				846C7088276EED280038C739 /* Example.json in Resources */,
				847B366E274902D800729F58 /* LaunchScreen.storyboard in Resources */,
				847B366B274902D800729F58 /* Assets.xcassets in Resources */,
				847B3669274902D700729F58 /* Main.storyboard in Resources */,
			);
			runOnlyForDeploymentPostprocessing = 0;
		};
/* End PBXResourcesBuildPhase section */

/* Begin PBXSourcesBuildPhase section */
		847B365A274902D700729F58 /* Sources */ = {
			isa = PBXSourcesBuildPhase;
			buildActionMask = 2147483647;
			files = (
				847B36F9275DE23E00729F58 /* DetailViewController.swift in Sources */,
				847B36F1275C67EA00729F58 /* DetailAnimalsVo.swift in Sources */,
				847B3666274902D700729F58 /* ListViewController.swift in Sources */,
				847B3678274A09DD00729F58 /* DataManager.swift in Sources */,
				847B3662274902D700729F58 /* AppDelegate.swift in Sources */,
				847B36F7275C7A9F00729F58 /* Converter.swift in Sources */,
				847B36FB275DE28500729F58 /* ListViewControllerCell.swift in Sources */,
				847B3664274902D700729F58 /* SceneDelegate.swift in Sources */,
				847B370E2761BD0500729F58 /* DetailViewControllerCell.swift in Sources */,
				847B36F4275C68EA00729F58 /* GenerelAnimalsVo.swift in Sources */,
				847B367A274A09F100729F58 /* RemoteDataSource.swift in Sources */,
				847B367C274A0A0000729F58 /* DependencyFactory.swift in Sources */,
				847B3676274A09BA00729F58 /* ViewControllerViewModel.swift in Sources */,
			);
			runOnlyForDeploymentPostprocessing = 0;
		};
/* End PBXSourcesBuildPhase section */

/* Begin PBXVariantGroup section */
		847B3667274902D700729F58 /* Main.storyboard */ = {
			isa = PBXVariantGroup;
			children = (
				847B3668274902D700729F58 /* Base */,
			);
			name = Main.storyboard;
			sourceTree = "<group>";
		};
		847B366C274902D800729F58 /* LaunchScreen.storyboard */ = {
			isa = PBXVariantGroup;
			children = (
				847B366D274902D800729F58 /* Base */,
			);
			name = LaunchScreen.storyboard;
			sourceTree = "<group>";
		};
/* End PBXVariantGroup section */

/* Begin XCBuildConfiguration section */
		847B3670274902D800729F58 /* Debug */ = {
			isa = XCBuildConfiguration;
			buildSettings = {
				ALWAYS_SEARCH_USER_PATHS = NO;
				CLANG_ANALYZER_NONNULL = YES;
				CLANG_ANALYZER_NUMBER_OBJECT_CONVERSION = YES_AGGRESSIVE;
				CLANG_CXX_LANGUAGE_STANDARD = "gnu++14";
				CLANG_CXX_LIBRARY = "libc++";
				CLANG_ENABLE_MODULES = YES;
				CLANG_ENABLE_OBJC_ARC = YES;
				CLANG_ENABLE_OBJC_WEAK = YES;
				CLANG_WARN_BLOCK_CAPTURE_AUTORELEASING = YES;
				CLANG_WARN_BOOL_CONVERSION = YES;
				CLANG_WARN_COMMA = YES;
				CLANG_WARN_CONSTANT_CONVERSION = YES;
				CLANG_WARN_DEPRECATED_OBJC_IMPLEMENTATIONS = YES;
				CLANG_WARN_DIRECT_OBJC_ISA_USAGE = YES_ERROR;
				CLANG_WARN_DOCUMENTATION_COMMENTS = YES;
				CLANG_WARN_EMPTY_BODY = YES;
				CLANG_WARN_ENUM_CONVERSION = YES;
				CLANG_WARN_INFINITE_RECURSION = YES;
				CLANG_WARN_INT_CONVERSION = YES;
				CLANG_WARN_NON_LITERAL_NULL_CONVERSION = YES;
				CLANG_WARN_OBJC_IMPLICIT_RETAIN_SELF = YES;
				CLANG_WARN_OBJC_LITERAL_CONVERSION = YES;
				CLANG_WARN_OBJC_ROOT_CLASS = YES_ERROR;
				CLANG_WARN_QUOTED_INCLUDE_IN_FRAMEWORK_HEADER = YES;
				CLANG_WARN_RANGE_LOOP_ANALYSIS = YES;
				CLANG_WARN_STRICT_PROTOTYPES = YES;
				CLANG_WARN_SUSPICIOUS_MOVE = YES;
				CLANG_WARN_UNGUARDED_AVAILABILITY = YES_AGGRESSIVE;
				CLANG_WARN_UNREACHABLE_CODE = YES;
				CLANG_WARN__DUPLICATE_METHOD_MATCH = YES;
				COPY_PHASE_STRIP = NO;
				DEBUG_INFORMATION_FORMAT = dwarf;
				ENABLE_STRICT_OBJC_MSGSEND = YES;
				ENABLE_TESTABILITY = YES;
				GCC_C_LANGUAGE_STANDARD = gnu11;
				GCC_DYNAMIC_NO_PIC = NO;
				GCC_NO_COMMON_BLOCKS = YES;
				GCC_OPTIMIZATION_LEVEL = 0;
				GCC_PREPROCESSOR_DEFINITIONS = (
					"DEBUG=1",
					"$(inherited)",
				);
				GCC_WARN_64_TO_32_BIT_CONVERSION = YES;
				GCC_WARN_ABOUT_RETURN_TYPE = YES_ERROR;
				GCC_WARN_UNDECLARED_SELECTOR = YES;
				GCC_WARN_UNINITIALIZED_AUTOS = YES_AGGRESSIVE;
				GCC_WARN_UNUSED_FUNCTION = YES;
				GCC_WARN_UNUSED_VARIABLE = YES;
				IPHONEOS_DEPLOYMENT_TARGET = 14.5;
				MTL_ENABLE_DEBUG_INFO = INCLUDE_SOURCE;
				MTL_FAST_MATH = YES;
				ONLY_ACTIVE_ARCH = YES;
				SDKROOT = iphoneos;
				SWIFT_ACTIVE_COMPILATION_CONDITIONS = DEBUG;
				SWIFT_OPTIMIZATION_LEVEL = "-Onone";
			};
			name = Debug;
		};
		847B3671274902D800729F58 /* Release */ = {
			isa = XCBuildConfiguration;
			buildSettings = {
				ALWAYS_SEARCH_USER_PATHS = NO;
				CLANG_ANALYZER_NONNULL = YES;
				CLANG_ANALYZER_NUMBER_OBJECT_CONVERSION = YES_AGGRESSIVE;
				CLANG_CXX_LANGUAGE_STANDARD = "gnu++14";
				CLANG_CXX_LIBRARY = "libc++";
				CLANG_ENABLE_MODULES = YES;
				CLANG_ENABLE_OBJC_ARC = YES;
				CLANG_ENABLE_OBJC_WEAK = YES;
				CLANG_WARN_BLOCK_CAPTURE_AUTORELEASING = YES;
				CLANG_WARN_BOOL_CONVERSION = YES;
				CLANG_WARN_COMMA = YES;
				CLANG_WARN_CONSTANT_CONVERSION = YES;
				CLANG_WARN_DEPRECATED_OBJC_IMPLEMENTATIONS = YES;
				CLANG_WARN_DIRECT_OBJC_ISA_USAGE = YES_ERROR;
				CLANG_WARN_DOCUMENTATION_COMMENTS = YES;
				CLANG_WARN_EMPTY_BODY = YES;
				CLANG_WARN_ENUM_CONVERSION = YES;
				CLANG_WARN_INFINITE_RECURSION = YES;
				CLANG_WARN_INT_CONVERSION = YES;
				CLANG_WARN_NON_LITERAL_NULL_CONVERSION = YES;
				CLANG_WARN_OBJC_IMPLICIT_RETAIN_SELF = YES;
				CLANG_WARN_OBJC_LITERAL_CONVERSION = YES;
				CLANG_WARN_OBJC_ROOT_CLASS = YES_ERROR;
				CLANG_WARN_QUOTED_INCLUDE_IN_FRAMEWORK_HEADER = YES;
				CLANG_WARN_RANGE_LOOP_ANALYSIS = YES;
				CLANG_WARN_STRICT_PROTOTYPES = YES;
				CLANG_WARN_SUSPICIOUS_MOVE = YES;
				CLANG_WARN_UNGUARDED_AVAILABILITY = YES_AGGRESSIVE;
				CLANG_WARN_UNREACHABLE_CODE = YES;
				CLANG_WARN__DUPLICATE_METHOD_MATCH = YES;
				COPY_PHASE_STRIP = NO;
				DEBUG_INFORMATION_FORMAT = "dwarf-with-dsym";
				ENABLE_NS_ASSERTIONS = NO;
				ENABLE_STRICT_OBJC_MSGSEND = YES;
				GCC_C_LANGUAGE_STANDARD = gnu11;
				GCC_NO_COMMON_BLOCKS = YES;
				GCC_WARN_64_TO_32_BIT_CONVERSION = YES;
				GCC_WARN_ABOUT_RETURN_TYPE = YES_ERROR;
				GCC_WARN_UNDECLARED_SELECTOR = YES;
				GCC_WARN_UNINITIALIZED_AUTOS = YES_AGGRESSIVE;
				GCC_WARN_UNUSED_FUNCTION = YES;
				GCC_WARN_UNUSED_VARIABLE = YES;
				IPHONEOS_DEPLOYMENT_TARGET = 14.5;
				MTL_ENABLE_DEBUG_INFO = NO;
				MTL_FAST_MATH = YES;
				SDKROOT = iphoneos;
				SWIFT_COMPILATION_MODE = wholemodule;
				SWIFT_OPTIMIZATION_LEVEL = "-O";
				VALIDATE_PRODUCT = YES;
			};
			name = Release;
		};
		847B3673274902D800729F58 /* Debug */ = {
			isa = XCBuildConfiguration;
			buildSettings = {
				ASSETCATALOG_COMPILER_APPICON_NAME = AppIcon;
				ASSETCATALOG_COMPILER_GLOBAL_ACCENT_COLOR_NAME = AccentColor;
				CODE_SIGN_STYLE = Automatic;
				DEVELOPMENT_TEAM = PZRD3MXDYZ;
				INFOPLIST_FILE = DependencyInjectionForBeginner/Resources/Info.plist;
				LD_RUNPATH_SEARCH_PATHS = (
					"$(inherited)",
					"@executable_path/Frameworks",
				);
				PRODUCT_BUNDLE_IDENTIFIER = testPavel.DependencyInjectionForBeginner;
				PRODUCT_NAME = "$(TARGET_NAME)";
				SWIFT_VERSION = 5.0;
				TARGETED_DEVICE_FAMILY = "1,2";
			};
			name = Debug;
		};
		847B3674274902D800729F58 /* Release */ = {
			isa = XCBuildConfiguration;
			buildSettings = {
				ASSETCATALOG_COMPILER_APPICON_NAME = AppIcon;
				ASSETCATALOG_COMPILER_GLOBAL_ACCENT_COLOR_NAME = AccentColor;
				CODE_SIGN_STYLE = Automatic;
				DEVELOPMENT_TEAM = PZRD3MXDYZ;
				INFOPLIST_FILE = DependencyInjectionForBeginner/Resources/Info.plist;
				LD_RUNPATH_SEARCH_PATHS = (
					"$(inherited)",
					"@executable_path/Frameworks",
				);
				PRODUCT_BUNDLE_IDENTIFIER = testPavel.DependencyInjectionForBeginner;
				PRODUCT_NAME = "$(TARGET_NAME)";
				SWIFT_VERSION = 5.0;
				TARGETED_DEVICE_FAMILY = "1,2";
			};
			name = Release;
		};
/* End XCBuildConfiguration section */

/* Begin XCConfigurationList section */
		847B3659274902D700729F58 /* Build configuration list for PBXProject "DependencyInjectionForBeginner" */ = {
			isa = XCConfigurationList;
			buildConfigurations = (
				847B3670274902D800729F58 /* Debug */,
				847B3671274902D800729F58 /* Release */,
			);
			defaultConfigurationIsVisible = 0;
			defaultConfigurationName = Release;
		};
		847B3672274902D800729F58 /* Build configuration list for PBXNativeTarget "DependencyInjectionForBeginner" */ = {
			isa = XCConfigurationList;
			buildConfigurations = (
				847B3673274902D800729F58 /* Debug */,
				847B3674274902D800729F58 /* Release */,
			);
			defaultConfigurationIsVisible = 0;
			defaultConfigurationName = Release;
		};
/* End XCConfigurationList section */
	};
	rootObject = 847B3656274902D700729F58 /* Project object */;
}
